
Microsoft Visual Studio Solution File, Format Version 12.00
# Visual Studio Version 17
VisualStudioVersion = 17.9.34407.89
MinimumVisualStudioVersion = 10.0.40219.1
Project("{FAE04EC0-301F-11D3-BF4B-00C04F79EFBC}") = "Module_5_Method", "Module_5_Method.csproj", "{143D0C34-ED4C-4CE2-9001-97FC7E3871D5}"
EndProject
Global
	GlobalSection(SolutionConfigurationPlatforms) = preSolution
		Debug|Any CPU = Debug|Any CPU
		Release|Any CPU = Release|Any CPU
	EndGlobalSection
	GlobalSection(ProjectConfigurationPlatforms) = postSolution
		{143D0C34-ED4C-4CE2-9001-97FC7E3871D5}.Debug|Any CPU.ActiveCfg = Debug|Any CPU
		{143D0C34-ED4C-4CE2-9001-97FC7E3871D5}.Debug|Any CPU.Build.0 = Debug|Any CPU
		{143D0C34-ED4C-4CE2-9001-97FC7E3871D5}.Release|Any CPU.ActiveCfg = Release|Any CPU
		{143D0C34-ED4C-4CE2-9001-97FC7E3871D5}.Release|Any CPU.Build.0 = Release|Any CPU
	EndGlobalSection
	GlobalSection(SolutionProperties) = preSolution
		HideSolutionNode = FALSE
	EndGlobalSection
	GlobalSection(ExtensibilityGlobals) = postSolution
		SolutionGuid = {00159509-6F15-4C4F-852A-7E644273201F}
	EndGlobalSection
EndGlobal
